
Microsoft Visual Studio Solution File, Format Version 12.00
Project("{FAE04EC0-301F-11D3-BF4B-00C04F79EFBC}") = "ComputationEngine", "ComputationEngine\ComputationEngine.csproj", "{7D747DDF-3538-4F45-82C2-FE7C032E6641}"
EndProject
Project("{FAE04EC0-301F-11D3-BF4B-00C04F79EFBC}") = "SingleThreadEngine", "SingleThreadEngine\SingleThreadEngine.csproj", "{F51368C1-670E-458E-9934-4603522C0F42}"
EndProject
Project("{FAE04EC0-301F-11D3-BF4B-00C04F79EFBC}") = "PerformanceTests", "PerformanceTests\PerformanceTests.csproj", "{A923E928-3E9E-4FD4-BFCA-BEDCC1A3D6FD}"
EndProject
Project("{FAE04EC0-301F-11D3-BF4B-00C04F79EFBC}") = "SequentialEngine", "SequentialEngine\SequentialEngine.csproj", "{75E35608-A36F-4619-A360-1A4D71876FC1}"
EndProject
Global
	GlobalSection(SolutionConfigurationPlatforms) = preSolution
		Debug|Any CPU = Debug|Any CPU
		Release|Any CPU = Release|Any CPU
	EndGlobalSection
	GlobalSection(ProjectConfigurationPlatforms) = postSolution
		{7D747DDF-3538-4F45-82C2-FE7C032E6641}.Debug|Any CPU.ActiveCfg = Debug|Any CPU
		{7D747DDF-3538-4F45-82C2-FE7C032E6641}.Debug|Any CPU.Build.0 = Debug|Any CPU
		{7D747DDF-3538-4F45-82C2-FE7C032E6641}.Release|Any CPU.ActiveCfg = Release|Any CPU
		{7D747DDF-3538-4F45-82C2-FE7C032E6641}.Release|Any CPU.Build.0 = Release|Any CPU
		{F51368C1-670E-458E-9934-4603522C0F42}.Debug|Any CPU.ActiveCfg = Debug|Any CPU
		{F51368C1-670E-458E-9934-4603522C0F42}.Debug|Any CPU.Build.0 = Debug|Any CPU
		{F51368C1-670E-458E-9934-4603522C0F42}.Release|Any CPU.ActiveCfg = Release|Any CPU
		{F51368C1-670E-458E-9934-4603522C0F42}.Release|Any CPU.Build.0 = Release|Any CPU
		{A923E928-3E9E-4FD4-BFCA-BEDCC1A3D6FD}.Debug|Any CPU.ActiveCfg = Debug|Any CPU
		{A923E928-3E9E-4FD4-BFCA-BEDCC1A3D6FD}.Debug|Any CPU.Build.0 = Debug|Any CPU
		{A923E928-3E9E-4FD4-BFCA-BEDCC1A3D6FD}.Release|Any CPU.ActiveCfg = Release|Any CPU
		{A923E928-3E9E-4FD4-BFCA-BEDCC1A3D6FD}.Release|Any CPU.Build.0 = Release|Any CPU
		{75E35608-A36F-4619-A360-1A4D71876FC1}.Debug|Any CPU.ActiveCfg = Debug|Any CPU
		{75E35608-A36F-4619-A360-1A4D71876FC1}.Debug|Any CPU.Build.0 = Debug|Any CPU
		{75E35608-A36F-4619-A360-1A4D71876FC1}.Release|Any CPU.ActiveCfg = Release|Any CPU
		{75E35608-A36F-4619-A360-1A4D71876FC1}.Release|Any CPU.Build.0 = Release|Any CPU
	EndGlobalSection
EndGlobal
